
Microsoft Visual Studio Solution File, Format Version 12.00
# Visual Studio Version 16
VisualStudioVersion = 16.0.32602.291
MinimumVisualStudioVersion = 10.0.40219.1
Project("{FAE04EC0-301F-11D3-BF4B-00C04F79EFBC}") = "P03_FootballBetting", "P03_FootballBetting\P03_FootballBetting.csproj", "{3334CFD7-AAC8-434B-BA74-E100A39D7104}"
EndProject
Project("{FAE04EC0-301F-11D3-BF4B-00C04F79EFBC}") = "P03_FootballBetting.Data", "P03_FootballBetting.Data\P03_FootballBetting.Data.csproj", "{DD69B44F-D815-47DF-9705-39369DF876EB}"
EndProject
Project("{FAE04EC0-301F-11D3-BF4B-00C04F79EFBC}") = "P03_FootballBetting.Data.Models", "P03_FootballBetting.Data.Models\P03_FootballBetting.Data.Models.csproj", "{233626B8-EF66-40A3-BE0C-ABFB9905123B}"
EndProject
Project("{FAE04EC0-301F-11D3-BF4B-00C04F79EFBC}") = "P01_StudentSystem", "P01_StudentSystem\P01_StudentSystem.csproj", "{0A554FDC-59AB-4497-B021-9DB5F55882E0}"
EndProject
Project("{FAE04EC0-301F-11D3-BF4B-00C04F79EFBC}") = "P01_StudentSystem.Data", "P01_StudentSystem.Data\P01_StudentSystem.Data.csproj", "{51A2E101-862E-4658-934D-B4D00A313F7B}"
EndProject
Project("{FAE04EC0-301F-11D3-BF4B-00C04F79EFBC}") = "P01_StudentSystem.Data.Models", "P01_StudentSystem.Data.Models\P01_StudentSystem.Data.Models.csproj", "{CC580149-E585-4F1A-BDA1-46181F6AFDFC}"
EndProject
Global
	GlobalSection(SolutionConfigurationPlatforms) = preSolution
		Debug|Any CPU = Debug|Any CPU
		Release|Any CPU = Release|Any CPU
	EndGlobalSection
	GlobalSection(ProjectConfigurationPlatforms) = postSolution
		{3334CFD7-AAC8-434B-BA74-E100A39D7104}.Debug|Any CPU.ActiveCfg = Debug|Any CPU
		{3334CFD7-AAC8-434B-BA74-E100A39D7104}.Debug|Any CPU.Build.0 = Debug|Any CPU
		{3334CFD7-AAC8-434B-BA74-E100A39D7104}.Release|Any CPU.ActiveCfg = Release|Any CPU
		{3334CFD7-AAC8-434B-BA74-E100A39D7104}.Release|Any CPU.Build.0 = Release|Any CPU
		{DD69B44F-D815-47DF-9705-39369DF876EB}.Debug|Any CPU.ActiveCfg = Debug|Any CPU
		{DD69B44F-D815-47DF-9705-39369DF876EB}.Debug|Any CPU.Build.0 = Debug|Any CPU
		{DD69B44F-D815-47DF-9705-39369DF876EB}.Release|Any CPU.ActiveCfg = Release|Any CPU
		{DD69B44F-D815-47DF-9705-39369DF876EB}.Release|Any CPU.Build.0 = Release|Any CPU
		{233626B8-EF66-40A3-BE0C-ABFB9905123B}.Debug|Any CPU.ActiveCfg = Debug|Any CPU
		{233626B8-EF66-40A3-BE0C-ABFB9905123B}.Debug|Any CPU.Build.0 = Debug|Any CPU
		{233626B8-EF66-40A3-BE0C-ABFB9905123B}.Release|Any CPU.ActiveCfg = Release|Any CPU
		{233626B8-EF66-40A3-BE0C-ABFB9905123B}.Release|Any CPU.Build.0 = Release|Any CPU
		{0A554FDC-59AB-4497-B021-9DB5F55882E0}.Debug|Any CPU.ActiveCfg = Debug|Any CPU
		{0A554FDC-59AB-4497-B021-9DB5F55882E0}.Debug|Any CPU.Build.0 = Debug|Any CPU
		{0A554FDC-59AB-4497-B021-9DB5F55882E0}.Release|Any CPU.ActiveCfg = Release|Any CPU
		{0A554FDC-59AB-4497-B021-9DB5F55882E0}.Release|Any CPU.Build.0 = Release|Any CPU
		{51A2E101-862E-4658-934D-B4D00A313F7B}.Debug|Any CPU.ActiveCfg = Debug|Any CPU
		{51A2E101-862E-4658-934D-B4D00A313F7B}.Debug|Any CPU.Build.0 = Debug|Any CPU
		{51A2E101-862E-4658-934D-B4D00A313F7B}.Release|Any CPU.ActiveCfg = Release|Any CPU
		{51A2E101-862E-4658-934D-B4D00A313F7B}.Release|Any CPU.Build.0 = Release|Any CPU
		{CC580149-E585-4F1A-BDA1-46181F6AFDFC}.Debug|Any CPU.ActiveCfg = Debug|Any CPU
		{CC580149-E585-4F1A-BDA1-46181F6AFDFC}.Debug|Any CPU.Build.0 = Debug|Any CPU
		{CC580149-E585-4F1A-BDA1-46181F6AFDFC}.Release|Any CPU.ActiveCfg = Release|Any CPU
		{CC580149-E585-4F1A-BDA1-46181F6AFDFC}.Release|Any CPU.Build.0 = Release|Any CPU
	EndGlobalSection
	GlobalSection(SolutionProperties) = preSolution
		HideSolutionNode = FALSE
	EndGlobalSection
	GlobalSection(ExtensibilityGlobals) = postSolution
		SolutionGuid = {C31790B4-7D03-4DCA-AC08-D2FA4149DBA9}
	EndGlobalSection
EndGlobal
